
Microsoft Visual Studio Solution File, Format Version 12.00
# Visual Studio Version 18
VisualStudioVersion = 18.4.11605.240 stable
MinimumVisualStudioVersion = 10.0.40219.1
Project("{FAE04EC0-301F-11D3-BF4B-00C04F79EFBC}") = "Zadanie_2_POING", "Zadanie_2_POING\Zadanie_2_POING.csproj", "{D7764530-C6F3-4850-A2C6-837DA2631703}"
EndProject
Project("{2150E333-8FDC-42A3-9474-1A3956D46DE8}") = "Elementy rozwiązania", "Elementy rozwiązania", "{4498A68C-FB36-4527-9E75-09708B6B39EC}"
EndProject
Global
	GlobalSection(SolutionConfigurationPlatforms) = preSolution
		Debug|Any CPU = Debug|Any CPU
		Release|Any CPU = Release|Any CPU
	EndGlobalSection
	GlobalSection(ProjectConfigurationPlatforms) = postSolution
		{D7764530-C6F3-4850-A2C6-837DA2631703}.Debug|Any CPU.ActiveCfg = Debug|Any CPU
		{D7764530-C6F3-4850-A2C6-837DA2631703}.Debug|Any CPU.Build.0 = Debug|Any CPU
		{D7764530-C6F3-4850-A2C6-837DA2631703}.Release|Any CPU.ActiveCfg = Release|Any CPU
		{D7764530-C6F3-4850-A2C6-837DA2631703}.Release|Any CPU.Build.0 = Release|Any CPU
	EndGlobalSection
	GlobalSection(SolutionProperties) = preSolution
		HideSolutionNode = FALSE
	EndGlobalSection
	GlobalSection(ExtensibilityGlobals) = postSolution
		SolutionGuid = {5BF05B19-7B87-4BD1-9838-273AA9B1B378}
	EndGlobalSection
EndGlobal
